
Microsoft Visual Studio Solution File, Format Version 12.00
# Visual Studio Version 16
VisualStudioVersion = 16.0.31005.135
MinimumVisualStudioVersion = 10.0.40219.1
Project("{9A19103F-16F7-4668-BE54-9A1E7A4F7556}") = "Compiler", "Compiler\Compiler.csproj", "{B14C733F-5CAA-41DD-A27B-12E0FF08FBD4}"
EndProject
Project("{FAE04EC0-301F-11D3-BF4B-00C04F79EFBC}") = "Runtime", "Runtime\Runtime.csproj", "{7A752466-1CF9-4359-AB07-65DB4E49C1A0}"
EndProject
Global
	GlobalSection(SolutionConfigurationPlatforms) = preSolution
		Debug|Any CPU = Debug|Any CPU
		Release|Any CPU = Release|Any CPU
	EndGlobalSection
	GlobalSection(ProjectConfigurationPlatforms) = postSolution
		{B14C733F-5CAA-41DD-A27B-12E0FF08FBD4}.Debug|Any CPU.ActiveCfg = Debug|Any CPU
		{B14C733F-5CAA-41DD-A27B-12E0FF08FBD4}.Debug|Any CPU.Build.0 = Debug|Any CPU
		{B14C733F-5CAA-41DD-A27B-12E0FF08FBD4}.Release|Any CPU.ActiveCfg = Release|Any CPU
		{B14C733F-5CAA-41DD-A27B-12E0FF08FBD4}.Release|Any CPU.Build.0 = Release|Any CPU
		{7A752466-1CF9-4359-AB07-65DB4E49C1A0}.Debug|Any CPU.ActiveCfg = Debug|Any CPU
		{7A752466-1CF9-4359-AB07-65DB4E49C1A0}.Debug|Any CPU.Build.0 = Debug|Any CPU
		{7A752466-1CF9-4359-AB07-65DB4E49C1A0}.Release|Any CPU.ActiveCfg = Release|Any CPU
		{7A752466-1CF9-4359-AB07-65DB4E49C1A0}.Release|Any CPU.Build.0 = Release|Any CPU
	EndGlobalSection
	GlobalSection(SolutionProperties) = preSolution
		HideSolutionNode = FALSE
	EndGlobalSection
	GlobalSection(ExtensibilityGlobals) = postSolution
		SolutionGuid = {22C98F9B-690A-44C0-9D69-E0315CBAAA80}
	EndGlobalSection
EndGlobal
